{
  "pins" : [
    {
      "identity" : "mypackage",
      "kind" : "remoteSourceControl",
      "location" : "https://github.com/Cristian2016/MyPackage.git",
      "state" : {
        "branch" : "main",
        "revision" : "da514df0623da03e5253009d61a8119a60b6e166"
      }
    }
  ],
  "version" : 2
}
