{
  "pins" : [
    {
      "identity" : "mypackage",
      "kind" : "remoteSourceControl",
      "location" : "https://github.com/Cristian2016/MyPackage.git",
      "state" : {
        "branch" : "main",
        "revision" : "e1ccc7bd36797010c46533cf8680a29ce1832dc0"
      }
    }
  ],
  "version" : 2
}
