{
  "pins" : [
    {
      "identity" : "mypackage",
      "kind" : "remoteSourceControl",
      "location" : "https://github.com/Cristian2016/MyPackage.git",
      "state" : {
        "branch" : "main",
        "revision" : "e548efa448cab9fc0d2aa18a90358e9e587fdfc0"
      }
    }
  ],
  "version" : 2
}
