{
  "pins" : [
    {
      "identity" : "mypackage",
      "kind" : "remoteSourceControl",
      "location" : "https://github.com/Cristian2016/MyPackage.git",
      "state" : {
        "branch" : "main",
        "revision" : "4e2d51437dbf86dc7b73a9826ad14c7a66ccc8bc"
      }
    }
  ],
  "version" : 2
}
