// !$*UTF8*$!
{
	archiveVersion = 1;
	classes = {
	};
	objectVersion = 55;
	objects = {

/* Begin PBXBuildFile section */
		1F0373BE28DEDB00005CE8D3 /* AlwaysOnDisplayAlertView.swift in Sources */ = {isa = PBXBuildFile; fileRef = 1F0373BD28DEDB00005CE8D3 /* AlwaysOnDisplayAlertView.swift */; };
		1F0373C028DEDD97005CE8D3 /* ConfirmationView.swift in Sources */ = {isa = PBXBuildFile; fileRef = 1F0373BF28DEDD97005CE8D3 /* ConfirmationView.swift */; };
		1F0373C228DEE6F7005CE8D3 /* AlwaysOnDisplayConfirmationView.swift in Sources */ = {isa = PBXBuildFile; fileRef = 1F0373C128DEE6F7005CE8D3 /* AlwaysOnDisplayConfirmationView.swift */; };
		1F0373C428DF3D36005CE8D3 /* CalOnConfirmationView.swift in Sources */ = {isa = PBXBuildFile; fileRef = 1F0373C328DF3D36005CE8D3 /* CalOnConfirmationView.swift */; };
		1F0373C628DF516F005CE8D3 /* OnLabel.swift in Sources */ = {isa = PBXBuildFile; fileRef = 1F0373C528DF516F005CE8D3 /* OnLabel.swift */; };
		1F05B7C82989158E0022FD23 /* BorderlessLabel.swift in Sources */ = {isa = PBXBuildFile; fileRef = 1F05B7C72989158E0022FD23 /* BorderlessLabel.swift */; };
		1F100CA72809493400A3A3C2 /* BubbleTimer.swift in Sources */ = {isa = PBXBuildFile; fileRef = 1F100CA62809493400A3A3C2 /* BubbleTimer.swift */; };
		1F18B45C281FA9C90080ADA6 /* CalendarSticker.swift in Sources */ = {isa = PBXBuildFile; fileRef = 1F18B45B281FA9C90080ADA6 /* CalendarSticker.swift */; };
		1F18B460281FAABF0080ADA6 /* TopCell.swift in Sources */ = {isa = PBXBuildFile; fileRef = 1F18B45F281FAABF0080ADA6 /* TopCell.swift */; };
		1F196093298856E500E6A7EA /* SmallAlertHintView.swift in Sources */ = {isa = PBXBuildFile; fileRef = 1F196092298856E500E6A7EA /* SmallAlertHintView.swift */; };
		1F1CF2F3286B5BD8007102F2 /* PairStickyNoteList.swift in Sources */ = {isa = PBXBuildFile; fileRef = 1F1CF2F2286B5BD8007102F2 /* PairStickyNoteList.swift */; };
		1F20807C2836111600FD35D6 /* BSavedNote.swift in Sources */ = {isa = PBXBuildFile; fileRef = 1F2080782836111600FD35D6 /* BSavedNote.swift */; };
		1F20807F2836111600FD35D6 /* BSavedNote Properties.swift in Sources */ = {isa = PBXBuildFile; fileRef = 1F2080792836111600FD35D6 /* BSavedNote Properties.swift */; };
		1F377E1F287EB2F000E43598 /* AutoLockSymbol.swift in Sources */ = {isa = PBXBuildFile; fileRef = 1F377E1E287EB2F000E43598 /* AutoLockSymbol.swift */; };
		1F387CEB2830082000F6B81D /* UpDownArrowsButton.swift in Sources */ = {isa = PBXBuildFile; fileRef = 1F387CEA2830082000F6B81D /* UpDownArrowsButton.swift */; };
		1F38C5A32986615F00057B8C /* FusedLabel.swift in Sources */ = {isa = PBXBuildFile; fileRef = 1F38C5A22986615F00057B8C /* FusedLabel.swift */; };
		1F42B99D2973E34E0024DB5F /* Code Snippets.rtf in Resources */ = {isa = PBXBuildFile; fileRef = 1F42B99C2973E34E0024DB5F /* Code Snippets.rtf */; };
		1F4326B1282AFB19002B6092 /* ScaleDownButton.swift in Sources */ = {isa = PBXBuildFile; fileRef = 1F4326B0282AFB19002B6092 /* ScaleDownButton.swift */; };
		1F477CA928EAB21900B4F965 /* AddStickyNoteQuickButton.swift in Sources */ = {isa = PBXBuildFile; fileRef = 1F477CA828EAB21900B4F965 /* AddStickyNoteQuickButton.swift */; };
		1F48F55A286AE5B30071386A /* EmptyNote_InfoView.swift in Sources */ = {isa = PBXBuildFile; fileRef = 1F48F559286AE5B30071386A /* EmptyNote_InfoView.swift */; };
		1F4DF99D282B82EF00D54BE8 /* CircleButton.swift in Sources */ = {isa = PBXBuildFile; fileRef = 1F4DF99C282B82EF00D54BE8 /* CircleButton.swift */; };
		1F520C6D2987DFBC00B25029 /* PairCell.swift in Sources */ = {isa = PBXBuildFile; fileRef = 1F520C6C2987DFBC00B25029 /* PairCell.swift */; };
		1F542F92286D757000403F13 /* StickyNoteList.swift in Sources */ = {isa = PBXBuildFile; fileRef = 1F542F91286D757000403F13 /* StickyNoteList.swift */; };
		1F5987A2286B5DFC00CDB54C /* PairSavedNote.swift in Sources */ = {isa = PBXBuildFile; fileRef = 1F59879E286B5DFC00CDB54C /* PairSavedNote.swift */; };
		1F5987A5286B5F8900CDB54C /* PairSavedNote Properties.swift in Sources */ = {isa = PBXBuildFile; fileRef = 1F5987A4286B5F8900CDB54C /* PairSavedNote Properties.swift */; };
		1F5A0F6C282641D00075E86B /* NoSessionsAlertView.swift in Sources */ = {isa = PBXBuildFile; fileRef = 1F5A0F6B282641D00075E86B /* NoSessionsAlertView.swift */; };
		1F5A0F6F282647A80075E86B /* DetailView.swift in Sources */ = {isa = PBXBuildFile; fileRef = 1F5A0F6E282647A80075E86B /* DetailView.swift */; };
		1F5F4A5D28093FAF00AF3442 /* TimersApp.swift in Sources */ = {isa = PBXBuildFile; fileRef = 1F5F4A4A28093FAD00AF3442 /* TimersApp.swift */; };
		1F5F4A6328093FAF00AF3442 /* Assets.xcassets in Resources */ = {isa = PBXBuildFile; fileRef = 1F5F4A4D28093FAF00AF3442 /* Assets.xcassets */; };
		1F5F4A6F28093FF800AF3442 /* Model.xcdatamodeld in Sources */ = {isa = PBXBuildFile; fileRef = 1F5F4A6D28093FF800AF3442 /* Model.xcdatamodeld */; };
		1F5F4A732809409600AF3442 /* Bubble.swift in Sources */ = {isa = PBXBuildFile; fileRef = 1F5F4A712809409600AF3442 /* Bubble.swift */; };
		1F5F4A752809409600AF3442 /* Bubble Properties.swift in Sources */ = {isa = PBXBuildFile; fileRef = 1F5F4A722809409600AF3442 /* Bubble Properties.swift */; };
		1F5F4A992809456E00AF3442 /* BubbleList.swift in Sources */ = {isa = PBXBuildFile; fileRef = 1F5F4A982809456E00AF3442 /* BubbleList.swift */; };
		1F5F4A9D280945C700AF3442 /* BubbleCell.swift in Sources */ = {isa = PBXBuildFile; fileRef = 1F5F4A9C280945C700AF3442 /* BubbleCell.swift */; };
		1F615B6329899E210006DB0B /* BackgroundTimer.swift in Sources */ = {isa = PBXBuildFile; fileRef = 1F615B6229899E210006DB0B /* BackgroundTimer.swift */; };
		1F61BE052822BAAA00B773F9 /* DeleteActionView.swift in Sources */ = {isa = PBXBuildFile; fileRef = 1F61BE042822BAAA00B773F9 /* DeleteActionView.swift */; };
		1F62194028293B5100C9B175 /* PairBubbleCell.swift in Sources */ = {isa = PBXBuildFile; fileRef = 1F62193F28293B5100C9B175 /* PairBubbleCell.swift */; };
		1F641FFE281FF70100413E31 /* BottomDetailView.swift in Sources */ = {isa = PBXBuildFile; fileRef = 1F641FFD281FF70100413E31 /* BottomDetailView.swift */; };
		1F64200A2820204400413E31 /* BottomCell.swift in Sources */ = {isa = PBXBuildFile; fileRef = 1F6420092820204400413E31 /* BottomCell.swift */; };
		1F680FC52882D97800548F70 /* MoreOptionsInfo.swift in Sources */ = {isa = PBXBuildFile; fileRef = 1F680FC42882D97800548F70 /* MoreOptionsInfo.swift */; };
		1F684823287DBEBB00D8BF81 /* StartDelaySubview.swift in Sources */ = {isa = PBXBuildFile; fileRef = 1F684822287DBEBB00D8BF81 /* StartDelaySubview.swift */; };
		1F695087287D737600CC9FF4 /* SDButton.swift in Sources */ = {isa = PBXBuildFile; fileRef = 1F695086287D737600CC9FF4 /* SDButton.swift */; };
		1F74878B286EB64E0092674F /* BubbleCell_Info.swift in Sources */ = {isa = PBXBuildFile; fileRef = 1F74878A286EB64E0092674F /* BubbleCell_Info.swift */; };
		1F74878D286ED1B10092674F /* StartInfoView.swift in Sources */ = {isa = PBXBuildFile; fileRef = 1F74878C286ED1B10092674F /* StartInfoView.swift */; };
		1F76B51128DDE38800543660 /* AlertHintView.swift in Sources */ = {isa = PBXBuildFile; fileRef = 1F76B51028DDE38800543660 /* AlertHintView.swift */; };
		1F82FB982831435A00E7C5AA /* HelpActionButton.swift in Sources */ = {isa = PBXBuildFile; fileRef = 1F82FB972831435A00E7C5AA /* HelpActionButton.swift */; };
		1F864D90287C0356000219CE /* MoreOptionsView.swift in Sources */ = {isa = PBXBuildFile; fileRef = 1F864D8F287C0356000219CE /* MoreOptionsView.swift */; };
		1F8B6965283790CF006540CB /* BubbleStickyNoteList.swift in Sources */ = {isa = PBXBuildFile; fileRef = 1F8B6964283790CF006540CB /* BubbleStickyNoteList.swift */; };
		1F97B7DD2809B311002FFCA3 /* Colors.swift in Sources */ = {isa = PBXBuildFile; fileRef = 1F97B7DC2809B311002FFCA3 /* Colors.swift */; };
		1F98D78A286AF8A300C0A973 /* DeleteRow_InfoView.swift in Sources */ = {isa = PBXBuildFile; fileRef = 1F98D789286AF8A300C0A973 /* DeleteRow_InfoView.swift */; };
		1F99AB5F286CA40D00977C9A /* StickyNote.swift in Sources */ = {isa = PBXBuildFile; fileRef = 1F99AB5E286CA40D00977C9A /* StickyNote.swift */; };
		1F9B6AF0280950D600C0A725 /* ViewModel.swift in Sources */ = {isa = PBXBuildFile; fileRef = 1F9B6AEF280950D600C0A725 /* ViewModel.swift */; };
		1F9BE0A9280BE14100F87EFA /* PaletteView.swift in Sources */ = {isa = PBXBuildFile; fileRef = 1F9BE0A8280BE14100F87EFA /* PaletteView.swift */; };
		1F9BE0AD280C6AB000F87EFA /* TapHold.swift in Sources */ = {isa = PBXBuildFile; fileRef = 1F9BE0AC280C6AB000F87EFA /* TapHold.swift */; };
		1FA03CA72989251000AF7395 /* BubbleDeleteAlert.swift in Sources */ = {isa = PBXBuildFile; fileRef = 1FA03CA62989250F00AF7395 /* BubbleDeleteAlert.swift */; };
		1FA03CAB29893E6200AF7395 /* SessionDeleteAlert.swift in Sources */ = {isa = PBXBuildFile; fileRef = 1FA03CAA29893E6200AF7395 /* SessionDeleteAlert.swift */; };
		1FA1B44A298321D20063B081 /* iPhoneViewHierarchy.swift in Sources */ = {isa = PBXBuildFile; fileRef = 1FA1B449298321D20063B081 /* iPhoneViewHierarchy.swift */; };
		1FA1F39E2981CFE6000A50F5 /* Persistence.swift in Sources */ = {isa = PBXBuildFile; fileRef = 1FA1F39D2981CFE6000A50F5 /* Persistence.swift */; };
		1FA25B002986F51E007759EB /* UnitedViewHierarchy.swift in Sources */ = {isa = PBXBuildFile; fileRef = 1FA25AFF2986F51E007759EB /* UnitedViewHierarchy.swift */; };
		1FA355CB2832186100F73111 /* CalendarManager.swift in Sources */ = {isa = PBXBuildFile; fileRef = 1FA355CA2832186100F73111 /* CalendarManager.swift */; };
		1FA377E82972FE75005ACD41 /* Library.swift in Sources */ = {isa = PBXBuildFile; fileRef = 1FA377E72972FE75005ACD41 /* Library.swift */; };
		1FA8346C2850A57A003F4D61 /* WidgetKit.framework in Frameworks */ = {isa = PBXBuildFile; fileRef = 1F5F4A7D280941AA00AF3442 /* WidgetKit.framework */; };
		1FA8346D2850A57A003F4D61 /* SwiftUI.framework in Frameworks */ = {isa = PBXBuildFile; fileRef = 1F5F4A7F280941AA00AF3442 /* SwiftUI.framework */; };
		1FA834702850A57A003F4D61 /* Widgets.swift in Sources */ = {isa = PBXBuildFile; fileRef = 1FA8346F2850A57A003F4D61 /* Widgets.swift */; };
		1FA834732850A57C003F4D61 /* Assets.xcassets in Resources */ = {isa = PBXBuildFile; fileRef = 1FA834722850A57C003F4D61 /* Assets.xcassets */; };
		1FA834752850A57C003F4D61 /* Widgets.intentdefinition in Sources */ = {isa = PBXBuildFile; fileRef = 1FA834712850A57A003F4D61 /* Widgets.intentdefinition */; };
		1FA834762850A57C003F4D61 /* Widgets.intentdefinition in Sources */ = {isa = PBXBuildFile; fileRef = 1FA834712850A57A003F4D61 /* Widgets.intentdefinition */; };
		1FA834792850A57C003F4D61 /* WidgetsExtension.appex in Embed Foundation Extensions */ = {isa = PBXBuildFile; fileRef = 1FA8346B2850A57A003F4D61 /* WidgetsExtension.appex */; settings = {ATTRIBUTES = (RemoveHeadersOnCopy, ); }; };
		1FA8F87E28367B7A00394B59 /* BubbleNote.swift in Sources */ = {isa = PBXBuildFile; fileRef = 1FA8F87D28367B7A00394B59 /* BubbleNote.swift */; };
		1FAD1576298A5A6C001139C6 /* AddTagButton.swift in Sources */ = {isa = PBXBuildFile; fileRef = 1FAD1575298A5A6C001139C6 /* AddTagButton.swift */; };
		1FAD1578298A8346001139C6 /* Secretary.swift in Sources */ = {isa = PBXBuildFile; fileRef = 1FAD1577298A8345001139C6 /* Secretary.swift */; };
		1FAD157C298AAFDB001139C6 /* DeleteActionAlert.swift in Sources */ = {isa = PBXBuildFile; fileRef = 1FAD157B298AAFDB001139C6 /* DeleteActionAlert.swift */; };
		1FAF39D9298575E9002D833C /* Library.swift in Sources */ = {isa = PBXBuildFile; fileRef = 1FA377E72972FE75005ACD41 /* Library.swift */; };
		1FAF39DB29857688002D833C /* MyPackage in Frameworks */ = {isa = PBXBuildFile; productRef = 1FAF39DA29857688002D833C /* MyPackage */; };
		1FB3178F286ACB48006BBE82 /* Note_InfoView.swift in Sources */ = {isa = PBXBuildFile; fileRef = 1FB3178E286ACB48006BBE82 /* Note_InfoView.swift */; };
		1FB4D4E02977F86500F26D9C /* iPadViewHierarchy.swift in Sources */ = {isa = PBXBuildFile; fileRef = 1FB4D4DF2977F86500F26D9C /* iPadViewHierarchy.swift */; };
		1FB5D8D428E81CD900DD522A /* InfoButton.swift in Sources */ = {isa = PBXBuildFile; fileRef = 1FB5D8D328E81CD900DD522A /* InfoButton.swift */; };
		1FB5D8D628E8276D00DD522A /* StickyNoteListInfoView.swift in Sources */ = {isa = PBXBuildFile; fileRef = 1FB5D8D528E8276D00DD522A /* StickyNoteListInfoView.swift */; };
		1FB5D8D828E96CBD00DD522A /* StartDelayInfoView.swift in Sources */ = {isa = PBXBuildFile; fileRef = 1FB5D8D728E96CBD00DD522A /* StartDelayInfoView.swift */; };
		1FB5D8DA28E9BF0500DD522A /* GestureLabel.swift in Sources */ = {isa = PBXBuildFile; fileRef = 1FB5D8D928E9BF0500DD522A /* GestureLabel.swift */; };
		1FB7D57C2862F0300085C2BE /* PlusSymbol.swift in Sources */ = {isa = PBXBuildFile; fileRef = 1FB7D57B2862F0300085C2BE /* PlusSymbol.swift */; };
		1FC0D9C129828D23004779E0 /* ConfirmView.swift in Sources */ = {isa = PBXBuildFile; fileRef = 1FC0D9C029828D23004779E0 /* ConfirmView.swift */; };
		1FC70BB129807BAB007CD1E6 /* LayoutViewModel.swift in Sources */ = {isa = PBXBuildFile; fileRef = 1FC70BB029807BAB007CD1E6 /* LayoutViewModel.swift */; };
		1FCF01B3287CBA74009DC95C /* DelayStartSymbol.swift in Sources */ = {isa = PBXBuildFile; fileRef = 1FCF01B2287CBA74009DC95C /* DelayStartSymbol.swift */; };
		1FCF0C662816F3F600AA1FAA /* EmptyListView.swift in Sources */ = {isa = PBXBuildFile; fileRef = 1FCF0C652816F3F600AA1FAA /* EmptyListView.swift */; };
		1FD15F802972F5D100852073 /* MyPackage in Frameworks */ = {isa = PBXBuildFile; productRef = 1FD15F7F2972F5D100852073 /* MyPackage */; };
		1FD2DD972869AB4900831978 /* Assets.xcassets in Resources */ = {isa = PBXBuildFile; fileRef = 1F5F4A4D28093FAF00AF3442 /* Assets.xcassets */; };
		1FDB9F12287DA5040028E121 /* StartDelayBubble.swift in Sources */ = {isa = PBXBuildFile; fileRef = 1FDB9F0C287DA5040028E121 /* StartDelayBubble.swift */; };
		1FDB9F13287DA5040028E121 /* SDB Properties.swift in Sources */ = {isa = PBXBuildFile; fileRef = 1FDB9F0D287DA5040028E121 /* SDB Properties.swift */; };
		1FDB9F14287DA5040028E121 /* SDBPair.swift in Sources */ = {isa = PBXBuildFile; fileRef = 1FDB9F0E287DA5040028E121 /* SDBPair.swift */; };
		1FDB9F15287DA5040028E121 /* SDBPair Properties.swift in Sources */ = {isa = PBXBuildFile; fileRef = 1FDB9F0F287DA5040028E121 /* SDBPair Properties.swift */; };
		1FE163AE280EE6F40050C6F5 /* LeftStrip.swift in Sources */ = {isa = PBXBuildFile; fileRef = 1FE163AD280EE6F40050C6F5 /* LeftStrip.swift */; };
		1FE3B6F72983ECBF00B9C5D0 /* Explanations.rtf in Resources */ = {isa = PBXBuildFile; fileRef = 1FE3B6F62983ECBF00B9C5D0 /* Explanations.rtf */; };
		1FE722A128E58200005ADA8E /* ColorConfirmationView.swift in Sources */ = {isa = PBXBuildFile; fileRef = 1FE722A028E58200005ADA8E /* ColorConfirmationView.swift */; };
		1FF0A2FD2810448100B1DB77 /* TopDetailView.swift in Sources */ = {isa = PBXBuildFile; fileRef = 1FF0A2FC2810448100B1DB77 /* TopDetailView.swift */; };
		1FFC8BAA28142F040059EF2E /* Session.swift in Sources */ = {isa = PBXBuildFile; fileRef = 1FFC8BA428142F040059EF2E /* Session.swift */; };
		1FFC8BAD28142F040059EF2E /* Session Properties.swift in Sources */ = {isa = PBXBuildFile; fileRef = 1FFC8BA528142F040059EF2E /* Session Properties.swift */; };
		1FFC8BB628142F040059EF2E /* Pair.swift in Sources */ = {isa = PBXBuildFile; fileRef = 1FFC8BA828142F040059EF2E /* Pair.swift */; };
		1FFC8BB928142F040059EF2E /* Pair Properties.swift in Sources */ = {isa = PBXBuildFile; fileRef = 1FFC8BA928142F040059EF2E /* Pair Properties.swift */; };
/* End PBXBuildFile section */

/* Begin PBXContainerItemProxy section */
		1FA834772850A57C003F4D61 /* PBXContainerItemProxy */ = {
			isa = PBXContainerItemProxy;
			containerPortal = 1F5F4A4328093FAC00AF3442 /* Project object */;
			proxyType = 1;
			remoteGlobalIDString = 1FA8346A2850A57A003F4D61;
			remoteInfo = WidgetsExtension;
		};
/* End PBXContainerItemProxy section */

/* Begin PBXCopyFilesBuildPhase section */
		1F5F4A90280941AC00AF3442 /* Embed Foundation Extensions */ = {
			isa = PBXCopyFilesBuildPhase;
			buildActionMask = 2147483647;
			dstPath = "";
			dstSubfolderSpec = 13;
			files = (
				1FA834792850A57C003F4D61 /* WidgetsExtension.appex in Embed Foundation Extensions */,
			);
			name = "Embed Foundation Extensions";
			runOnlyForDeploymentPostprocessing = 0;
		};
/* End PBXCopyFilesBuildPhase section */

/* Begin PBXFileReference section */
		1F0373BD28DEDB00005CE8D3 /* AlwaysOnDisplayAlertView.swift */ = {isa = PBXFileReference; lastKnownFileType = sourcecode.swift; path = AlwaysOnDisplayAlertView.swift; sourceTree = "<group>"; };
		1F0373BF28DEDD97005CE8D3 /* ConfirmationView.swift */ = {isa = PBXFileReference; lastKnownFileType = sourcecode.swift; path = ConfirmationView.swift; sourceTree = SOURCE_ROOT; };
		1F0373C128DEE6F7005CE8D3 /* AlwaysOnDisplayConfirmationView.swift */ = {isa = PBXFileReference; lastKnownFileType = sourcecode.swift; path = AlwaysOnDisplayConfirmationView.swift; sourceTree = "<group>"; };
		1F0373C328DF3D36005CE8D3 /* CalOnConfirmationView.swift */ = {isa = PBXFileReference; lastKnownFileType = sourcecode.swift; path = CalOnConfirmationView.swift; sourceTree = "<group>"; };
		1F0373C528DF516F005CE8D3 /* OnLabel.swift */ = {isa = PBXFileReference; lastKnownFileType = sourcecode.swift; path = OnLabel.swift; sourceTree = "<group>"; };
		1F05B7C72989158E0022FD23 /* BorderlessLabel.swift */ = {isa = PBXFileReference; lastKnownFileType = sourcecode.swift; path = BorderlessLabel.swift; sourceTree = "<group>"; };
		1F100CA62809493400A3A3C2 /* BubbleTimer.swift */ = {isa = PBXFileReference; fileEncoding = 4; lastKnownFileType = sourcecode.swift; path = BubbleTimer.swift; sourceTree = "<group>"; };
		1F18B45B281FA9C90080ADA6 /* CalendarSticker.swift */ = {isa = PBXFileReference; fileEncoding = 4; lastKnownFileType = sourcecode.swift; path = CalendarSticker.swift; sourceTree = "<group>"; };
		1F18B45F281FAABF0080ADA6 /* TopCell.swift */ = {isa = PBXFileReference; lastKnownFileType = sourcecode.swift; path = TopCell.swift; sourceTree = "<group>"; };
		1F196092298856E500E6A7EA /* SmallAlertHintView.swift */ = {isa = PBXFileReference; lastKnownFileType = sourcecode.swift; path = SmallAlertHintView.swift; sourceTree = "<group>"; };
		1F1CF2F2286B5BD8007102F2 /* PairStickyNoteList.swift */ = {isa = PBXFileReference; fileEncoding = 4; lastKnownFileType = sourcecode.swift; path = PairStickyNoteList.swift; sourceTree = "<group>"; };
		1F2080782836111600FD35D6 /* BSavedNote.swift */ = {isa = PBXFileReference; lastKnownFileType = sourcecode.swift; path = BSavedNote.swift; sourceTree = "<group>"; };
		1F2080792836111600FD35D6 /* BSavedNote Properties.swift */ = {isa = PBXFileReference; lastKnownFileType = sourcecode.swift; path = "BSavedNote Properties.swift"; sourceTree = "<group>"; };
		1F377E1E287EB2F000E43598 /* AutoLockSymbol.swift */ = {isa = PBXFileReference; lastKnownFileType = sourcecode.swift; path = AutoLockSymbol.swift; sourceTree = "<group>"; };
		1F387CEA2830082000F6B81D /* UpDownArrowsButton.swift */ = {isa = PBXFileReference; lastKnownFileType = sourcecode.swift; path = UpDownArrowsButton.swift; sourceTree = "<group>"; };
		1F38C5A22986615F00057B8C /* FusedLabel.swift */ = {isa = PBXFileReference; lastKnownFileType = sourcecode.swift; path = FusedLabel.swift; sourceTree = "<group>"; };
		1F42B99C2973E34E0024DB5F /* Code Snippets.rtf */ = {isa = PBXFileReference; lastKnownFileType = text.rtf; path = "Code Snippets.rtf"; sourceTree = "<group>"; };
		1F4326B0282AFB19002B6092 /* ScaleDownButton.swift */ = {isa = PBXFileReference; lastKnownFileType = sourcecode.swift; path = ScaleDownButton.swift; sourceTree = "<group>"; };
		1F477CA828EAB21900B4F965 /* AddStickyNoteQuickButton.swift */ = {isa = PBXFileReference; lastKnownFileType = sourcecode.swift; path = AddStickyNoteQuickButton.swift; sourceTree = "<group>"; };
		1F48F559286AE5B30071386A /* EmptyNote_InfoView.swift */ = {isa = PBXFileReference; lastKnownFileType = sourcecode.swift; path = EmptyNote_InfoView.swift; sourceTree = "<group>"; };
		1F4DF99C282B82EF00D54BE8 /* CircleButton.swift */ = {isa = PBXFileReference; lastKnownFileType = sourcecode.swift; path = CircleButton.swift; sourceTree = "<group>"; };
		1F520C6C2987DFBC00B25029 /* PairCell.swift */ = {isa = PBXFileReference; lastKnownFileType = sourcecode.swift; path = PairCell.swift; sourceTree = "<group>"; };
		1F542F91286D757000403F13 /* StickyNoteList.swift */ = {isa = PBXFileReference; lastKnownFileType = sourcecode.swift; path = StickyNoteList.swift; sourceTree = "<group>"; };
		1F59879E286B5DFC00CDB54C /* PairSavedNote.swift */ = {isa = PBXFileReference; lastKnownFileType = sourcecode.swift; path = PairSavedNote.swift; sourceTree = SOURCE_ROOT; };
		1F5987A4286B5F8900CDB54C /* PairSavedNote Properties.swift */ = {isa = PBXFileReference; lastKnownFileType = sourcecode.swift; path = "PairSavedNote Properties.swift"; sourceTree = "<group>"; };
		1F5A0F6B282641D00075E86B /* NoSessionsAlertView.swift */ = {isa = PBXFileReference; lastKnownFileType = sourcecode.swift; path = NoSessionsAlertView.swift; sourceTree = "<group>"; };
		1F5A0F6E282647A80075E86B /* DetailView.swift */ = {isa = PBXFileReference; lastKnownFileType = sourcecode.swift; path = DetailView.swift; sourceTree = "<group>"; };
		1F5F4A4A28093FAD00AF3442 /* TimersApp.swift */ = {isa = PBXFileReference; lastKnownFileType = sourcecode.swift; path = TimersApp.swift; sourceTree = "<group>"; };
		1F5F4A4D28093FAF00AF3442 /* Assets.xcassets */ = {isa = PBXFileReference; lastKnownFileType = folder.assetcatalog; path = Assets.xcassets; sourceTree = "<group>"; };
		1F5F4A5228093FAF00AF3442 /* Timers.app */ = {isa = PBXFileReference; explicitFileType = wrapper.application; includeInIndex = 0; path = Timers.app; sourceTree = BUILT_PRODUCTS_DIR; };
		1F5F4A6E28093FF800AF3442 /* Model.xcdatamodel */ = {isa = PBXFileReference; lastKnownFileType = wrapper.xcdatamodel; path = Model.xcdatamodel; sourceTree = "<group>"; };
		1F5F4A712809409600AF3442 /* Bubble.swift */ = {isa = PBXFileReference; lastKnownFileType = sourcecode.swift; path = Bubble.swift; sourceTree = "<group>"; };
		1F5F4A722809409600AF3442 /* Bubble Properties.swift */ = {isa = PBXFileReference; lastKnownFileType = sourcecode.swift; path = "Bubble Properties.swift"; sourceTree = "<group>"; };
		1F5F4A7D280941AA00AF3442 /* WidgetKit.framework */ = {isa = PBXFileReference; lastKnownFileType = wrapper.framework; name = WidgetKit.framework; path = System/Library/Frameworks/WidgetKit.framework; sourceTree = SDKROOT; };
		1F5F4A7F280941AA00AF3442 /* SwiftUI.framework */ = {isa = PBXFileReference; lastKnownFileType = wrapper.framework; name = SwiftUI.framework; path = System/Library/Frameworks/SwiftUI.framework; sourceTree = SDKROOT; };
		1F5F4A92280941D900AF3442 /* Timers (iOS).entitlements */ = {isa = PBXFileReference; lastKnownFileType = text.plist.entitlements; path = "Timers (iOS).entitlements"; sourceTree = "<group>"; };
		1F5F4A982809456E00AF3442 /* BubbleList.swift */ = {isa = PBXFileReference; fileEncoding = 4; lastKnownFileType = sourcecode.swift; path = BubbleList.swift; sourceTree = "<group>"; };
		1F5F4A9C280945C700AF3442 /* BubbleCell.swift */ = {isa = PBXFileReference; fileEncoding = 4; lastKnownFileType = sourcecode.swift; path = BubbleCell.swift; sourceTree = "<group>"; };
		1F615B6229899E210006DB0B /* BackgroundTimer.swift */ = {isa = PBXFileReference; lastKnownFileType = sourcecode.swift; path = BackgroundTimer.swift; sourceTree = "<group>"; };
		1F61BE042822BAAA00B773F9 /* DeleteActionView.swift */ = {isa = PBXFileReference; lastKnownFileType = sourcecode.swift; path = DeleteActionView.swift; sourceTree = "<group>"; };
		1F62193F28293B5100C9B175 /* PairBubbleCell.swift */ = {isa = PBXFileReference; lastKnownFileType = sourcecode.swift; path = PairBubbleCell.swift; sourceTree = "<group>"; };
		1F641FFD281FF70100413E31 /* BottomDetailView.swift */ = {isa = PBXFileReference; lastKnownFileType = sourcecode.swift; path = BottomDetailView.swift; sourceTree = "<group>"; };
		1F6420092820204400413E31 /* BottomCell.swift */ = {isa = PBXFileReference; lastKnownFileType = sourcecode.swift; path = BottomCell.swift; sourceTree = "<group>"; };
		1F680FC42882D97800548F70 /* MoreOptionsInfo.swift */ = {isa = PBXFileReference; lastKnownFileType = sourcecode.swift; name = MoreOptionsInfo.swift; path = ../../Documents/MoreOptionsInfo.swift; sourceTree = "<group>"; };
		1F684822287DBEBB00D8BF81 /* StartDelaySubview.swift */ = {isa = PBXFileReference; lastKnownFileType = sourcecode.swift; path = StartDelaySubview.swift; sourceTree = "<group>"; };
		1F695086287D737600CC9FF4 /* SDButton.swift */ = {isa = PBXFileReference; lastKnownFileType = sourcecode.swift; path = SDButton.swift; sourceTree = "<group>"; };
		1F74878A286EB64E0092674F /* BubbleCell_Info.swift */ = {isa = PBXFileReference; lastKnownFileType = sourcecode.swift; path = BubbleCell_Info.swift; sourceTree = "<group>"; };
		1F74878C286ED1B10092674F /* StartInfoView.swift */ = {isa = PBXFileReference; lastKnownFileType = sourcecode.swift; path = StartInfoView.swift; sourceTree = "<group>"; };
		1F76B51028DDE38800543660 /* AlertHintView.swift */ = {isa = PBXFileReference; lastKnownFileType = sourcecode.swift; path = AlertHintView.swift; sourceTree = "<group>"; };
		1F82FB972831435A00E7C5AA /* HelpActionButton.swift */ = {isa = PBXFileReference; lastKnownFileType = sourcecode.swift; path = HelpActionButton.swift; sourceTree = "<group>"; };
		1F845FAD286EF8730053EAE6 /* WidgetsExtension.entitlements */ = {isa = PBXFileReference; lastKnownFileType = text.plist.entitlements; path = WidgetsExtension.entitlements; sourceTree = "<group>"; };
		1F864D8F287C0356000219CE /* MoreOptionsView.swift */ = {isa = PBXFileReference; lastKnownFileType = sourcecode.swift; path = MoreOptionsView.swift; sourceTree = "<group>"; };
		1F8B6964283790CF006540CB /* BubbleStickyNoteList.swift */ = {isa = PBXFileReference; lastKnownFileType = sourcecode.swift; path = BubbleStickyNoteList.swift; sourceTree = "<group>"; };
		1F97B7DC2809B311002FFCA3 /* Colors.swift */ = {isa = PBXFileReference; lastKnownFileType = sourcecode.swift; path = Colors.swift; sourceTree = "<group>"; };
		1F98D789286AF8A300C0A973 /* DeleteRow_InfoView.swift */ = {isa = PBXFileReference; lastKnownFileType = sourcecode.swift; path = DeleteRow_InfoView.swift; sourceTree = "<group>"; };
		1F99AB5E286CA40D00977C9A /* StickyNote.swift */ = {isa = PBXFileReference; lastKnownFileType = sourcecode.swift; path = StickyNote.swift; sourceTree = "<group>"; };
		1F9B6AEF280950D600C0A725 /* ViewModel.swift */ = {isa = PBXFileReference; lastKnownFileType = sourcecode.swift; path = ViewModel.swift; sourceTree = "<group>"; };
		1F9BE0A8280BE14100F87EFA /* PaletteView.swift */ = {isa = PBXFileReference; lastKnownFileType = sourcecode.swift; name = PaletteView.swift; path = Shared/PaletteView.swift; sourceTree = SOURCE_ROOT; };
		1F9BE0AC280C6AB000F87EFA /* TapHold.swift */ = {isa = PBXFileReference; lastKnownFileType = sourcecode.swift; path = TapHold.swift; sourceTree = "<group>"; };
		1FA03CA62989250F00AF7395 /* BubbleDeleteAlert.swift */ = {isa = PBXFileReference; lastKnownFileType = sourcecode.swift; path = BubbleDeleteAlert.swift; sourceTree = "<group>"; };
		1FA03CAA29893E6200AF7395 /* SessionDeleteAlert.swift */ = {isa = PBXFileReference; lastKnownFileType = sourcecode.swift; path = SessionDeleteAlert.swift; sourceTree = "<group>"; };
		1FA1B449298321D20063B081 /* iPhoneViewHierarchy.swift */ = {isa = PBXFileReference; lastKnownFileType = sourcecode.swift; path = iPhoneViewHierarchy.swift; sourceTree = "<group>"; };
		1FA1F39D2981CFE6000A50F5 /* Persistence.swift */ = {isa = PBXFileReference; fileEncoding = 4; lastKnownFileType = sourcecode.swift; path = Persistence.swift; sourceTree = "<group>"; };
		1FA25AFF2986F51E007759EB /* UnitedViewHierarchy.swift */ = {isa = PBXFileReference; lastKnownFileType = sourcecode.swift; path = UnitedViewHierarchy.swift; sourceTree = "<group>"; };
		1FA355CA2832186100F73111 /* CalendarManager.swift */ = {isa = PBXFileReference; fileEncoding = 4; lastKnownFileType = sourcecode.swift; path = CalendarManager.swift; sourceTree = "<group>"; };
		1FA355CE2832238E00F73111 /* Timers--iOS--Info.plist */ = {isa = PBXFileReference; lastKnownFileType = text.plist; path = "Timers--iOS--Info.plist"; sourceTree = "<group>"; };
		1FA377E72972FE75005ACD41 /* Library.swift */ = {isa = PBXFileReference; lastKnownFileType = sourcecode.swift; path = Library.swift; sourceTree = "<group>"; };
		1FA8346B2850A57A003F4D61 /* WidgetsExtension.appex */ = {isa = PBXFileReference; explicitFileType = "wrapper.app-extension"; includeInIndex = 0; path = WidgetsExtension.appex; sourceTree = BUILT_PRODUCTS_DIR; };
		1FA8346F2850A57A003F4D61 /* Widgets.swift */ = {isa = PBXFileReference; lastKnownFileType = sourcecode.swift; path = Widgets.swift; sourceTree = "<group>"; };
		1FA834712850A57A003F4D61 /* Widgets.intentdefinition */ = {isa = PBXFileReference; lastKnownFileType = file.intentdefinition; path = Widgets.intentdefinition; sourceTree = "<group>"; };
		1FA834722850A57C003F4D61 /* Assets.xcassets */ = {isa = PBXFileReference; lastKnownFileType = folder.assetcatalog; path = Assets.xcassets; sourceTree = "<group>"; };
		1FA834742850A57C003F4D61 /* Info.plist */ = {isa = PBXFileReference; lastKnownFileType = text.plist.xml; path = Info.plist; sourceTree = "<group>"; };
		1FA8F87D28367B7A00394B59 /* BubbleNote.swift */ = {isa = PBXFileReference; lastKnownFileType = sourcecode.swift; path = BubbleNote.swift; sourceTree = "<group>"; };
		1FAD1575298A5A6C001139C6 /* AddTagButton.swift */ = {isa = PBXFileReference; lastKnownFileType = sourcecode.swift; path = AddTagButton.swift; sourceTree = "<group>"; };
		1FAD1577298A8345001139C6 /* Secretary.swift */ = {isa = PBXFileReference; lastKnownFileType = sourcecode.swift; path = Secretary.swift; sourceTree = "<group>"; };
		1FAD157B298AAFDB001139C6 /* DeleteActionAlert.swift */ = {isa = PBXFileReference; lastKnownFileType = sourcecode.swift; path = DeleteActionAlert.swift; sourceTree = "<group>"; };
		1FB3178E286ACB48006BBE82 /* Note_InfoView.swift */ = {isa = PBXFileReference; lastKnownFileType = sourcecode.swift; path = Note_InfoView.swift; sourceTree = "<group>"; };
		1FB4D4DF2977F86500F26D9C /* iPadViewHierarchy.swift */ = {isa = PBXFileReference; lastKnownFileType = sourcecode.swift; path = iPadViewHierarchy.swift; sourceTree = "<group>"; };
		1FB5D8D328E81CD900DD522A /* InfoButton.swift */ = {isa = PBXFileReference; lastKnownFileType = sourcecode.swift; path = InfoButton.swift; sourceTree = "<group>"; };
		1FB5D8D528E8276D00DD522A /* StickyNoteListInfoView.swift */ = {isa = PBXFileReference; lastKnownFileType = sourcecode.swift; path = StickyNoteListInfoView.swift; sourceTree = "<group>"; };
		1FB5D8D728E96CBD00DD522A /* StartDelayInfoView.swift */ = {isa = PBXFileReference; lastKnownFileType = sourcecode.swift; path = StartDelayInfoView.swift; sourceTree = "<group>"; };
		1FB5D8D928E9BF0500DD522A /* GestureLabel.swift */ = {isa = PBXFileReference; lastKnownFileType = sourcecode.swift; path = GestureLabel.swift; sourceTree = "<group>"; };
		1FB7D57B2862F0300085C2BE /* PlusSymbol.swift */ = {isa = PBXFileReference; lastKnownFileType = sourcecode.swift; path = PlusSymbol.swift; sourceTree = "<group>"; };
		1FC0D9C029828D23004779E0 /* ConfirmView.swift */ = {isa = PBXFileReference; fileEncoding = 4; lastKnownFileType = sourcecode.swift; path = ConfirmView.swift; sourceTree = "<group>"; };
		1FC70BB029807BAB007CD1E6 /* LayoutViewModel.swift */ = {isa = PBXFileReference; lastKnownFileType = sourcecode.swift; path = LayoutViewModel.swift; sourceTree = "<group>"; };
		1FCF01B2287CBA74009DC95C /* DelayStartSymbol.swift */ = {isa = PBXFileReference; lastKnownFileType = sourcecode.swift; path = DelayStartSymbol.swift; sourceTree = "<group>"; };
		1FCF0C652816F3F600AA1FAA /* EmptyListView.swift */ = {isa = PBXFileReference; lastKnownFileType = sourcecode.swift; path = EmptyListView.swift; sourceTree = "<group>"; };
		1FDB9F0C287DA5040028E121 /* StartDelayBubble.swift */ = {isa = PBXFileReference; lastKnownFileType = sourcecode.swift; path = StartDelayBubble.swift; sourceTree = SOURCE_ROOT; };
		1FDB9F0D287DA5040028E121 /* SDB Properties.swift */ = {isa = PBXFileReference; lastKnownFileType = sourcecode.swift; path = "SDB Properties.swift"; sourceTree = SOURCE_ROOT; };
		1FDB9F0E287DA5040028E121 /* SDBPair.swift */ = {isa = PBXFileReference; lastKnownFileType = sourcecode.swift; path = SDBPair.swift; sourceTree = SOURCE_ROOT; };
		1FDB9F0F287DA5040028E121 /* SDBPair Properties.swift */ = {isa = PBXFileReference; lastKnownFileType = sourcecode.swift; path = "SDBPair Properties.swift"; sourceTree = SOURCE_ROOT; };
		1FE163AD280EE6F40050C6F5 /* LeftStrip.swift */ = {isa = PBXFileReference; lastKnownFileType = sourcecode.swift; path = LeftStrip.swift; sourceTree = "<group>"; };
		1FE3B6F62983ECBF00B9C5D0 /* Explanations.rtf */ = {isa = PBXFileReference; lastKnownFileType = text.rtf; path = Explanations.rtf; sourceTree = "<group>"; };
		1FE722A028E58200005ADA8E /* ColorConfirmationView.swift */ = {isa = PBXFileReference; lastKnownFileType = sourcecode.swift; path = ColorConfirmationView.swift; sourceTree = "<group>"; };
		1FF0A2FC2810448100B1DB77 /* TopDetailView.swift */ = {isa = PBXFileReference; lastKnownFileType = sourcecode.swift; path = TopDetailView.swift; sourceTree = "<group>"; };
		1FFC8BA428142F040059EF2E /* Session.swift */ = {isa = PBXFileReference; lastKnownFileType = sourcecode.swift; path = Session.swift; sourceTree = "<group>"; };
		1FFC8BA528142F040059EF2E /* Session Properties.swift */ = {isa = PBXFileReference; lastKnownFileType = sourcecode.swift; path = "Session Properties.swift"; sourceTree = "<group>"; };
		1FFC8BA828142F040059EF2E /* Pair.swift */ = {isa = PBXFileReference; lastKnownFileType = sourcecode.swift; path = Pair.swift; sourceTree = "<group>"; };
		1FFC8BA928142F040059EF2E /* Pair Properties.swift */ = {isa = PBXFileReference; lastKnownFileType = sourcecode.swift; path = "Pair Properties.swift"; sourceTree = "<group>"; };
/* End PBXFileReference section */

/* Begin PBXFrameworksBuildPhase section */
		1F5F4A4F28093FAF00AF3442 /* Frameworks */ = {
			isa = PBXFrameworksBuildPhase;
			buildActionMask = 2147483647;
			files = (
				1FD15F802972F5D100852073 /* MyPackage in Frameworks */,
			);
			runOnlyForDeploymentPostprocessing = 0;
		};
		1FA834682850A57A003F4D61 /* Frameworks */ = {
			isa = PBXFrameworksBuildPhase;
			buildActionMask = 2147483647;
			files = (
				1FAF39DB29857688002D833C /* MyPackage in Frameworks */,
				1FA8346D2850A57A003F4D61 /* SwiftUI.framework in Frameworks */,
				1FA8346C2850A57A003F4D61 /* WidgetKit.framework in Frameworks */,
			);
			runOnlyForDeploymentPostprocessing = 0;
		};
/* End PBXFrameworksBuildPhase section */

/* Begin PBXGroup section */
		1F18B45A281FA9740080ADA6 /* Helpers */ = {
			isa = PBXGroup;
			children = (
				1F542F91286D757000403F13 /* StickyNoteList.swift */,
				1F8B6964283790CF006540CB /* BubbleStickyNoteList.swift */,
				1F1CF2F2286B5BD8007102F2 /* PairStickyNoteList.swift */,
				1F18B45B281FA9C90080ADA6 /* CalendarSticker.swift */,
				1F61BE042822BAAA00B773F9 /* DeleteActionView.swift */,
				1F99AB5E286CA40D00977C9A /* StickyNote.swift */,
			);
			name = Helpers;
			sourceTree = "<group>";
		};
		1F1CF2F1286B5AD2007102F2 /* InfoViews */ = {
			isa = PBXGroup;
			children = (
				1F98D789286AF8A300C0A973 /* DeleteRow_InfoView.swift */,
				1FB3178E286ACB48006BBE82 /* Note_InfoView.swift */,
				1F48F559286AE5B30071386A /* EmptyNote_InfoView.swift */,
			);
			path = InfoViews;
			sourceTree = "<group>";
		};
		1F26851B297942E800116776 /* Test */ = {
			isa = PBXGroup;
			children = (
			);
			path = Test;
			sourceTree = "<group>";
		};
		1F37028F287EEA6D00AE58C6 /* Alerts & Labels */ = {
			isa = PBXGroup;
			children = (
				1F38C5A22986615F00057B8C /* FusedLabel.swift */,
				1FE722A028E58200005ADA8E /* ColorConfirmationView.swift */,
				1F0373C528DF516F005CE8D3 /* OnLabel.swift */,
				1F0373BF28DEDD97005CE8D3 /* ConfirmationView.swift */,
				1FC0D9C029828D23004779E0 /* ConfirmView.swift */,
				1F0373C128DEE6F7005CE8D3 /* AlwaysOnDisplayConfirmationView.swift */,
				1F0373C328DF3D36005CE8D3 /* CalOnConfirmationView.swift */,
				1F76B51028DDE38800543660 /* AlertHintView.swift */,
				1F0373BD28DEDB00005CE8D3 /* AlwaysOnDisplayAlertView.swift */,
			);
			path = "Alerts & Labels";
			sourceTree = "<group>";
		};
		1F4DF99B282B82D900D54BE8 /* Buttons */ = {
			isa = PBXGroup;
			children = (
				1F4326B0282AFB19002B6092 /* ScaleDownButton.swift */,
				1F4DF99C282B82EF00D54BE8 /* CircleButton.swift */,
			);
			path = Buttons;
			sourceTree = "<group>";
		};
		1F5F4A4228093FAC00AF3442 = {
			isa = PBXGroup;
			children = (
				1F615B6229899E210006DB0B /* BackgroundTimer.swift */,
				1FA03CA62989250F00AF7395 /* BubbleDeleteAlert.swift */,
				1FAD1575298A5A6C001139C6 /* AddTagButton.swift */,
				1FA03CAA29893E6200AF7395 /* SessionDeleteAlert.swift */,
				1F05B7C72989158E0022FD23 /* BorderlessLabel.swift */,
				1F196092298856E500E6A7EA /* SmallAlertHintView.swift */,
				1F520C6C2987DFBC00B25029 /* PairCell.swift */,
				1FAD157B298AAFDB001139C6 /* DeleteActionAlert.swift */,
				1FA1B449298321D20063B081 /* iPhoneViewHierarchy.swift */,
				1FA377E72972FE75005ACD41 /* Library.swift */,
				1F42B99C2973E34E0024DB5F /* Code Snippets.rtf */,
				1FE3B6F62983ECBF00B9C5D0 /* Explanations.rtf */,
				1FB5D8D928E9BF0500DD522A /* GestureLabel.swift */,
				1FB5D8D728E96CBD00DD522A /* StartDelayInfoView.swift */,
				1F477CA828EAB21900B4F965 /* AddStickyNoteQuickButton.swift */,
				1FB5D8D528E8276D00DD522A /* StickyNoteListInfoView.swift */,
				1FB5D8D328E81CD900DD522A /* InfoButton.swift */,
				1F680FC42882D97800548F70 /* MoreOptionsInfo.swift */,
				1F377E1E287EB2F000E43598 /* AutoLockSymbol.swift */,
				1FAD1577298A8345001139C6 /* Secretary.swift */,
				1F684822287DBEBB00D8BF81 /* StartDelaySubview.swift */,
				1F845FAD286EF8730053EAE6 /* WidgetsExtension.entitlements */,
				1FA355CE2832238E00F73111 /* Timers--iOS--Info.plist */,
				1FA355CA2832186100F73111 /* CalendarManager.swift */,
				1F387CEA2830082000F6B81D /* UpDownArrowsButton.swift */,
				1F82FB972831435A00E7C5AA /* HelpActionButton.swift */,
				1F62193F28293B5100C9B175 /* PairBubbleCell.swift */,
				1F37028F287EEA6D00AE58C6 /* Alerts & Labels */,
				1F4DF99B282B82D900D54BE8 /* Buttons */,
				1F5A0F6B282641D00075E86B /* NoSessionsAlertView.swift */,
				1F5A0F6E282647A80075E86B /* DetailView.swift */,
				1F18B45A281FA9740080ADA6 /* Helpers */,
				1F5F4A92280941D900AF3442 /* Timers (iOS).entitlements */,
				1F5F4A4728093FAD00AF3442 /* Shared */,
				1FA8346E2850A57A003F4D61 /* Widgets */,
				1F5F4A7C280941AA00AF3442 /* Frameworks */,
				1F26851B297942E800116776 /* Test */,
				1F5F4A5328093FAF00AF3442 /* Products */,
			);
			sourceTree = "<group>";
		};
		1F5F4A4728093FAD00AF3442 /* Shared */ = {
			isa = PBXGroup;
			children = (
				1F1CF2F1286B5AD2007102F2 /* InfoViews */,
				1F5F4A4A28093FAD00AF3442 /* TimersApp.swift */,
				1FA25AFF2986F51E007759EB /* UnitedViewHierarchy.swift */,
				1FB4D4DF2977F86500F26D9C /* iPadViewHierarchy.swift */,
				1F9B6AEF280950D600C0A725 /* ViewModel.swift */,
				1FC70BB029807BAB007CD1E6 /* LayoutViewModel.swift */,
				1F5F4A982809456E00AF3442 /* BubbleList.swift */,
				1F5F4A93280941FC00AF3442 /* Core Data */,
				1F97B7E02809B331002FFCA3 /* Assets */,
				1F8E7EDF2820F8560063A659 /* DetailView */,
				1FE163AD280EE6F40050C6F5 /* LeftStrip.swift */,
				1FA8F87D28367B7A00394B59 /* BubbleNote.swift */,
				1F5F4A9C280945C700AF3442 /* BubbleCell.swift */,
				1F74878A286EB64E0092674F /* BubbleCell_Info.swift */,
				1F74878C286ED1B10092674F /* StartInfoView.swift */,
				1FB7D57B2862F0300085C2BE /* PlusSymbol.swift */,
				1F100CA62809493400A3A3C2 /* BubbleTimer.swift */,
			);
			path = Shared;
			sourceTree = "<group>";
		};
		1F5F4A5328093FAF00AF3442 /* Products */ = {
			isa = PBXGroup;
			children = (
				1F5F4A5228093FAF00AF3442 /* Timers.app */,
				1FA8346B2850A57A003F4D61 /* WidgetsExtension.appex */,
			);
			name = Products;
			sourceTree = "<group>";
		};
		1F5F4A7C280941AA00AF3442 /* Frameworks */ = {
			isa = PBXGroup;
			children = (
				1F5F4A7D280941AA00AF3442 /* WidgetKit.framework */,
				1F5F4A7F280941AA00AF3442 /* SwiftUI.framework */,
			);
			name = Frameworks;
			sourceTree = "<group>";
		};
		1F5F4A93280941FC00AF3442 /* Core Data */ = {
			isa = PBXGroup;
			children = (
				1FA1F39D2981CFE6000A50F5 /* Persistence.swift */,
				1F9BE0A8280BE14100F87EFA /* PaletteView.swift */,
				1F9BE0AC280C6AB000F87EFA /* TapHold.swift */,
				1FCF01B2287CBA74009DC95C /* DelayStartSymbol.swift */,
				1F864D8F287C0356000219CE /* MoreOptionsView.swift */,
				1F695086287D737600CC9FF4 /* SDButton.swift */,
				1F5F4A6D28093FF800AF3442 /* Model.xcdatamodeld */,
				1F5F4A712809409600AF3442 /* Bubble.swift */,
				1F5F4A722809409600AF3442 /* Bubble Properties.swift */,
				1FFC8BA428142F040059EF2E /* Session.swift */,
				1FFC8BA528142F040059EF2E /* Session Properties.swift */,
				1FFC8BA828142F040059EF2E /* Pair.swift */,
				1FFC8BA928142F040059EF2E /* Pair Properties.swift */,
				1F59879E286B5DFC00CDB54C /* PairSavedNote.swift */,
				1F5987A4286B5F8900CDB54C /* PairSavedNote Properties.swift */,
				1F2080782836111600FD35D6 /* BSavedNote.swift */,
				1F2080792836111600FD35D6 /* BSavedNote Properties.swift */,
				1FDB9F0C287DA5040028E121 /* StartDelayBubble.swift */,
				1FDB9F0D287DA5040028E121 /* SDB Properties.swift */,
				1FDB9F0E287DA5040028E121 /* SDBPair.swift */,
				1FDB9F0F287DA5040028E121 /* SDBPair Properties.swift */,
			);
			path = "Core Data";
			sourceTree = "<group>";
		};
		1F8E7EDF2820F8560063A659 /* DetailView */ = {
			isa = PBXGroup;
			children = (
				1FF0A2FC2810448100B1DB77 /* TopDetailView.swift */,
				1F18B45F281FAABF0080ADA6 /* TopCell.swift */,
				1F641FFD281FF70100413E31 /* BottomDetailView.swift */,
				1F6420092820204400413E31 /* BottomCell.swift */,
			);
			path = DetailView;
			sourceTree = "<group>";
		};
		1F97B7E02809B331002FFCA3 /* Assets */ = {
			isa = PBXGroup;
			children = (
				1F5F4A4D28093FAF00AF3442 /* Assets.xcassets */,
				1F97B7DC2809B311002FFCA3 /* Colors.swift */,
				1FCF0C652816F3F600AA1FAA /* EmptyListView.swift */,
			);
			path = Assets;
			sourceTree = "<group>";
		};
		1FA8346E2850A57A003F4D61 /* Widgets */ = {
			isa = PBXGroup;
			children = (
				1FA8346F2850A57A003F4D61 /* Widgets.swift */,
				1FA834712850A57A003F4D61 /* Widgets.intentdefinition */,
				1FA834722850A57C003F4D61 /* Assets.xcassets */,
				1FA834742850A57C003F4D61 /* Info.plist */,
			);
			path = Widgets;
			sourceTree = "<group>";
		};
/* End PBXGroup section */

/* Begin PBXNativeTarget section */
		1F5F4A5128093FAF00AF3442 /* Timers (iOS) */ = {
			isa = PBXNativeTarget;
			buildConfigurationList = 1F5F4A6728093FAF00AF3442 /* Build configuration list for PBXNativeTarget "Timers (iOS)" */;
			buildPhases = (
				1F5F4A4E28093FAF00AF3442 /* Sources */,
				1F5F4A4F28093FAF00AF3442 /* Frameworks */,
				1F5F4A5028093FAF00AF3442 /* Resources */,
				1F5F4A90280941AC00AF3442 /* Embed Foundation Extensions */,
			);
			buildRules = (
			);
			dependencies = (
				1FA834782850A57C003F4D61 /* PBXTargetDependency */,
			);
			name = "Timers (iOS)";
			packageProductDependencies = (
				1FD15F7F2972F5D100852073 /* MyPackage */,
			);
			productName = "Timers (iOS)";
			productReference = 1F5F4A5228093FAF00AF3442 /* Timers.app */;
			productType = "com.apple.product-type.application";
		};
		1FA8346A2850A57A003F4D61 /* WidgetsExtension */ = {
			isa = PBXNativeTarget;
			buildConfigurationList = 1FA8347A2850A57C003F4D61 /* Build configuration list for PBXNativeTarget "WidgetsExtension" */;
			buildPhases = (
				1FA834672850A57A003F4D61 /* Sources */,
				1FA834682850A57A003F4D61 /* Frameworks */,
				1FA834692850A57A003F4D61 /* Resources */,
			);
			buildRules = (
			);
			dependencies = (
			);
			name = WidgetsExtension;
			packageProductDependencies = (
				1FAF39DA29857688002D833C /* MyPackage */,
			);
			productName = WidgetsExtension;
			productReference = 1FA8346B2850A57A003F4D61 /* WidgetsExtension.appex */;
			productType = "com.apple.product-type.app-extension";
		};
/* End PBXNativeTarget section */

/* Begin PBXProject section */
		1F5F4A4328093FAC00AF3442 /* Project object */ = {
			isa = PBXProject;
			attributes = {
				BuildIndependentTargetsInParallel = 1;
				LastSwiftUpdateCheck = 1400;
				LastUpgradeCheck = 1420;
				TargetAttributes = {
					1F5F4A5128093FAF00AF3442 = {
						CreatedOnToolsVersion = 13.3;
					};
					1FA8346A2850A57A003F4D61 = {
						CreatedOnToolsVersion = 14.0;
					};
				};
			};
			buildConfigurationList = 1F5F4A4628093FAC00AF3442 /* Build configuration list for PBXProject "Timers" */;
			compatibilityVersion = "Xcode 13.0";
			developmentRegion = en;
			hasScannedForEncodings = 0;
			knownRegions = (
				en,
				Base,
			);
			mainGroup = 1F5F4A4228093FAC00AF3442;
			packageReferences = (
				1FD15F7E2972F5D100852073 /* XCRemoteSwiftPackageReference "MyPackage" */,
			);
			productRefGroup = 1F5F4A5328093FAF00AF3442 /* Products */;
			projectDirPath = "";
			projectRoot = "";
			targets = (
				1F5F4A5128093FAF00AF3442 /* Timers (iOS) */,
				1FA8346A2850A57A003F4D61 /* WidgetsExtension */,
			);
		};
/* End PBXProject section */

/* Begin PBXResourcesBuildPhase section */
		1F5F4A5028093FAF00AF3442 /* Resources */ = {
			isa = PBXResourcesBuildPhase;
			buildActionMask = 2147483647;
			files = (
				1F42B99D2973E34E0024DB5F /* Code Snippets.rtf in Resources */,
				1F5F4A6328093FAF00AF3442 /* Assets.xcassets in Resources */,
				1FE3B6F72983ECBF00B9C5D0 /* Explanations.rtf in Resources */,
			);
			runOnlyForDeploymentPostprocessing = 0;
		};
		1FA834692850A57A003F4D61 /* Resources */ = {
			isa = PBXResourcesBuildPhase;
			buildActionMask = 2147483647;
			files = (
				1FD2DD972869AB4900831978 /* Assets.xcassets in Resources */,
				1FA834732850A57C003F4D61 /* Assets.xcassets in Resources */,
			);
			runOnlyForDeploymentPostprocessing = 0;
		};
/* End PBXResourcesBuildPhase section */

/* Begin PBXSourcesBuildPhase section */
		1F5F4A4E28093FAF00AF3442 /* Sources */ = {
			isa = PBXSourcesBuildPhase;
			buildActionMask = 2147483647;
			files = (
				1FB5D8DA28E9BF0500DD522A /* GestureLabel.swift in Sources */,
				1F76B51128DDE38800543660 /* AlertHintView.swift in Sources */,
				1FB4D4E02977F86500F26D9C /* iPadViewHierarchy.swift in Sources */,
				1FE722A128E58200005ADA8E /* ColorConfirmationView.swift in Sources */,
				1F8B6965283790CF006540CB /* BubbleStickyNoteList.swift in Sources */,
				1F4DF99D282B82EF00D54BE8 /* CircleButton.swift in Sources */,
				1F0373C628DF516F005CE8D3 /* OnLabel.swift in Sources */,
				1FDB9F13287DA5040028E121 /* SDB Properties.swift in Sources */,
				1F680FC52882D97800548F70 /* MoreOptionsInfo.swift in Sources */,
				1F196093298856E500E6A7EA /* SmallAlertHintView.swift in Sources */,
				1F82FB982831435A00E7C5AA /* HelpActionButton.swift in Sources */,
				1F0373BE28DEDB00005CE8D3 /* AlwaysOnDisplayAlertView.swift in Sources */,
				1F0373C228DEE6F7005CE8D3 /* AlwaysOnDisplayConfirmationView.swift in Sources */,
				1FDB9F12287DA5040028E121 /* StartDelayBubble.swift in Sources */,
				1FFC8BAD28142F040059EF2E /* Session Properties.swift in Sources */,
				1F64200A2820204400413E31 /* BottomCell.swift in Sources */,
				1FA1B44A298321D20063B081 /* iPhoneViewHierarchy.swift in Sources */,
				1F20807C2836111600FD35D6 /* BSavedNote.swift in Sources */,
				1FA03CA72989251000AF7395 /* BubbleDeleteAlert.swift in Sources */,
				1FDB9F15287DA5040028E121 /* SDBPair Properties.swift in Sources */,
				1F615B6329899E210006DB0B /* BackgroundTimer.swift in Sources */,
				1F61BE052822BAAA00B773F9 /* DeleteActionView.swift in Sources */,
				1F684823287DBEBB00D8BF81 /* StartDelaySubview.swift in Sources */,
				1F9BE0A9280BE14100F87EFA /* PaletteView.swift in Sources */,
				1F5F4A732809409600AF3442 /* Bubble.swift in Sources */,
				1F62194028293B5100C9B175 /* PairBubbleCell.swift in Sources */,
				1F97B7DD2809B311002FFCA3 /* Colors.swift in Sources */,
				1F100CA72809493400A3A3C2 /* BubbleTimer.swift in Sources */,
				1FA8F87E28367B7A00394B59 /* BubbleNote.swift in Sources */,
				1F5A0F6C282641D00075E86B /* NoSessionsAlertView.swift in Sources */,
				1F542F92286D757000403F13 /* StickyNoteList.swift in Sources */,
				1F695087287D737600CC9FF4 /* SDButton.swift in Sources */,
				1F74878D286ED1B10092674F /* StartInfoView.swift in Sources */,
				1F98D78A286AF8A300C0A973 /* DeleteRow_InfoView.swift in Sources */,
				1FA03CAB29893E6200AF7395 /* SessionDeleteAlert.swift in Sources */,
				1F0373C028DEDD97005CE8D3 /* ConfirmationView.swift in Sources */,
				1FE163AE280EE6F40050C6F5 /* LeftStrip.swift in Sources */,
				1F641FFE281FF70100413E31 /* BottomDetailView.swift in Sources */,
				1FCF01B3287CBA74009DC95C /* DelayStartSymbol.swift in Sources */,
				1F48F55A286AE5B30071386A /* EmptyNote_InfoView.swift in Sources */,
				1F9B6AF0280950D600C0A725 /* ViewModel.swift in Sources */,
				1F74878B286EB64E0092674F /* BubbleCell_Info.swift in Sources */,
				1F5F4A992809456E00AF3442 /* BubbleList.swift in Sources */,
				1F5A0F6F282647A80075E86B /* DetailView.swift in Sources */,
				1FFC8BB928142F040059EF2E /* Pair Properties.swift in Sources */,
				1F18B45C281FA9C90080ADA6 /* CalendarSticker.swift in Sources */,
				1F1CF2F3286B5BD8007102F2 /* PairStickyNoteList.swift in Sources */,
				1F5F4A6F28093FF800AF3442 /* Model.xcdatamodeld in Sources */,
				1F9BE0AD280C6AB000F87EFA /* TapHold.swift in Sources */,
				1F520C6D2987DFBC00B25029 /* PairCell.swift in Sources */,
				1FA377E82972FE75005ACD41 /* Library.swift in Sources */,
				1FA355CB2832186100F73111 /* CalendarManager.swift in Sources */,
				1FB5D8D828E96CBD00DD522A /* StartDelayInfoView.swift in Sources */,
				1FDB9F14287DA5040028E121 /* SDBPair.swift in Sources */,
				1F5987A2286B5DFC00CDB54C /* PairSavedNote.swift in Sources */,
				1F5F4A9D280945C700AF3442 /* BubbleCell.swift in Sources */,
				1F864D90287C0356000219CE /* MoreOptionsView.swift in Sources */,
				1F18B460281FAABF0080ADA6 /* TopCell.swift in Sources */,
				1FAD1576298A5A6C001139C6 /* AddTagButton.swift in Sources */,
				1F5F4A5D28093FAF00AF3442 /* TimersApp.swift in Sources */,
				1F377E1F287EB2F000E43598 /* AutoLockSymbol.swift in Sources */,
				1FCF0C662816F3F600AA1FAA /* EmptyListView.swift in Sources */,
				1F4326B1282AFB19002B6092 /* ScaleDownButton.swift in Sources */,
				1FF0A2FD2810448100B1DB77 /* TopDetailView.swift in Sources */,
				1FA834762850A57C003F4D61 /* Widgets.intentdefinition in Sources */,
				1FC0D9C129828D23004779E0 /* ConfirmView.swift in Sources */,
				1F0373C428DF3D36005CE8D3 /* CalOnConfirmationView.swift in Sources */,
				1FFC8BAA28142F040059EF2E /* Session.swift in Sources */,
				1FFC8BB628142F040059EF2E /* Pair.swift in Sources */,
				1FA25B002986F51E007759EB /* UnitedViewHierarchy.swift in Sources */,
				1F477CA928EAB21900B4F965 /* AddStickyNoteQuickButton.swift in Sources */,
				1F5987A5286B5F8900CDB54C /* PairSavedNote Properties.swift in Sources */,
				1FA1F39E2981CFE6000A50F5 /* Persistence.swift in Sources */,
				1F05B7C82989158E0022FD23 /* BorderlessLabel.swift in Sources */,
				1FB5D8D628E8276D00DD522A /* StickyNoteListInfoView.swift in Sources */,
				1FC70BB129807BAB007CD1E6 /* LayoutViewModel.swift in Sources */,
				1FAD1578298A8346001139C6 /* Secretary.swift in Sources */,
				1F387CEB2830082000F6B81D /* UpDownArrowsButton.swift in Sources */,
				1FB3178F286ACB48006BBE82 /* Note_InfoView.swift in Sources */,
				1FAD157C298AAFDB001139C6 /* DeleteActionAlert.swift in Sources */,
				1F99AB5F286CA40D00977C9A /* StickyNote.swift in Sources */,
				1F5F4A752809409600AF3442 /* Bubble Properties.swift in Sources */,
				1FB7D57C2862F0300085C2BE /* PlusSymbol.swift in Sources */,
				1F20807F2836111600FD35D6 /* BSavedNote Properties.swift in Sources */,
				1F38C5A32986615F00057B8C /* FusedLabel.swift in Sources */,
				1FB5D8D428E81CD900DD522A /* InfoButton.swift in Sources */,
			);
			runOnlyForDeploymentPostprocessing = 0;
		};
		1FA834672850A57A003F4D61 /* Sources */ = {
			isa = PBXSourcesBuildPhase;
			buildActionMask = 2147483647;
			files = (
				1FA834752850A57C003F4D61 /* Widgets.intentdefinition in Sources */,
				1FA834702850A57A003F4D61 /* Widgets.swift in Sources */,
				1FAF39D9298575E9002D833C /* Library.swift in Sources */,
			);
			runOnlyForDeploymentPostprocessing = 0;
		};
/* End PBXSourcesBuildPhase section */

/* Begin PBXTargetDependency section */
		1FA834782850A57C003F4D61 /* PBXTargetDependency */ = {
			isa = PBXTargetDependency;
			target = 1FA8346A2850A57A003F4D61 /* WidgetsExtension */;
			targetProxy = 1FA834772850A57C003F4D61 /* PBXContainerItemProxy */;
		};
/* End PBXTargetDependency section */

/* Begin XCBuildConfiguration section */
		1F5F4A6528093FAF00AF3442 /* Debug */ = {
			isa = XCBuildConfiguration;
			buildSettings = {
				ALWAYS_SEARCH_USER_PATHS = NO;
				CLANG_ANALYZER_NONNULL = YES;
				CLANG_ANALYZER_NUMBER_OBJECT_CONVERSION = YES_AGGRESSIVE;
				CLANG_CXX_LANGUAGE_STANDARD = "gnu++17";
				CLANG_ENABLE_MODULES = YES;
				CLANG_ENABLE_OBJC_ARC = YES;
				CLANG_ENABLE_OBJC_WEAK = YES;
				CLANG_WARN_BLOCK_CAPTURE_AUTORELEASING = YES;
				CLANG_WARN_BOOL_CONVERSION = YES;
				CLANG_WARN_COMMA = YES;
				CLANG_WARN_CONSTANT_CONVERSION = YES;
				CLANG_WARN_DEPRECATED_OBJC_IMPLEMENTATIONS = YES;
				CLANG_WARN_DIRECT_OBJC_ISA_USAGE = YES_ERROR;
				CLANG_WARN_DOCUMENTATION_COMMENTS = YES;
				CLANG_WARN_EMPTY_BODY = YES;
				CLANG_WARN_ENUM_CONVERSION = YES;
				CLANG_WARN_INFINITE_RECURSION = YES;
				CLANG_WARN_INT_CONVERSION = YES;
				CLANG_WARN_NON_LITERAL_NULL_CONVERSION = YES;
				CLANG_WARN_OBJC_IMPLICIT_RETAIN_SELF = YES;
				CLANG_WARN_OBJC_LITERAL_CONVERSION = YES;
				CLANG_WARN_OBJC_ROOT_CLASS = YES_ERROR;
				CLANG_WARN_QUOTED_INCLUDE_IN_FRAMEWORK_HEADER = YES;
				CLANG_WARN_RANGE_LOOP_ANALYSIS = YES;
				CLANG_WARN_STRICT_PROTOTYPES = YES;
				CLANG_WARN_SUSPICIOUS_MOVE = YES;
				CLANG_WARN_UNGUARDED_AVAILABILITY = YES_AGGRESSIVE;
				CLANG_WARN_UNREACHABLE_CODE = YES;
				CLANG_WARN__DUPLICATE_METHOD_MATCH = YES;
				COPY_PHASE_STRIP = NO;
				DEAD_CODE_STRIPPING = YES;
				DEBUG_INFORMATION_FORMAT = dwarf;
				ENABLE_STRICT_OBJC_MSGSEND = YES;
				ENABLE_TESTABILITY = YES;
				GCC_C_LANGUAGE_STANDARD = gnu11;
				GCC_DYNAMIC_NO_PIC = NO;
				GCC_NO_COMMON_BLOCKS = YES;
				GCC_OPTIMIZATION_LEVEL = 0;
				GCC_PREPROCESSOR_DEFINITIONS = (
					"DEBUG=1",
					"$(inherited)",
				);
				GCC_WARN_64_TO_32_BIT_CONVERSION = YES;
				GCC_WARN_ABOUT_RETURN_TYPE = YES_ERROR;
				GCC_WARN_UNDECLARED_SELECTOR = YES;
				GCC_WARN_UNINITIALIZED_AUTOS = YES_AGGRESSIVE;
				GCC_WARN_UNUSED_FUNCTION = YES;
				GCC_WARN_UNUSED_VARIABLE = YES;
				MTL_ENABLE_DEBUG_INFO = INCLUDE_SOURCE;
				MTL_FAST_MATH = YES;
				ONLY_ACTIVE_ARCH = YES;
				SWIFT_ACTIVE_COMPILATION_CONDITIONS = DEBUG;
				SWIFT_OPTIMIZATION_LEVEL = "-Onone";
			};
			name = Debug;
		};
		1F5F4A6628093FAF00AF3442 /* Release */ = {
			isa = XCBuildConfiguration;
			buildSettings = {
				ALWAYS_SEARCH_USER_PATHS = NO;
				CLANG_ANALYZER_NONNULL = YES;
				CLANG_ANALYZER_NUMBER_OBJECT_CONVERSION = YES_AGGRESSIVE;
				CLANG_CXX_LANGUAGE_STANDARD = "gnu++17";
				CLANG_ENABLE_MODULES = YES;
				CLANG_ENABLE_OBJC_ARC = YES;
				CLANG_ENABLE_OBJC_WEAK = YES;
				CLANG_WARN_BLOCK_CAPTURE_AUTORELEASING = YES;
				CLANG_WARN_BOOL_CONVERSION = YES;
				CLANG_WARN_COMMA = YES;
				CLANG_WARN_CONSTANT_CONVERSION = YES;
				CLANG_WARN_DEPRECATED_OBJC_IMPLEMENTATIONS = YES;
				CLANG_WARN_DIRECT_OBJC_ISA_USAGE = YES_ERROR;
				CLANG_WARN_DOCUMENTATION_COMMENTS = YES;
				CLANG_WARN_EMPTY_BODY = YES;
				CLANG_WARN_ENUM_CONVERSION = YES;
				CLANG_WARN_INFINITE_RECURSION = YES;
				CLANG_WARN_INT_CONVERSION = YES;
				CLANG_WARN_NON_LITERAL_NULL_CONVERSION = YES;
				CLANG_WARN_OBJC_IMPLICIT_RETAIN_SELF = YES;
				CLANG_WARN_OBJC_LITERAL_CONVERSION = YES;
				CLANG_WARN_OBJC_ROOT_CLASS = YES_ERROR;
				CLANG_WARN_QUOTED_INCLUDE_IN_FRAMEWORK_HEADER = YES;
				CLANG_WARN_RANGE_LOOP_ANALYSIS = YES;
				CLANG_WARN_STRICT_PROTOTYPES = YES;
				CLANG_WARN_SUSPICIOUS_MOVE = YES;
				CLANG_WARN_UNGUARDED_AVAILABILITY = YES_AGGRESSIVE;
				CLANG_WARN_UNREACHABLE_CODE = YES;
				CLANG_WARN__DUPLICATE_METHOD_MATCH = YES;
				COPY_PHASE_STRIP = NO;
				DEAD_CODE_STRIPPING = YES;
				DEBUG_INFORMATION_FORMAT = "dwarf-with-dsym";
				ENABLE_NS_ASSERTIONS = NO;
				ENABLE_STRICT_OBJC_MSGSEND = YES;
				GCC_C_LANGUAGE_STANDARD = gnu11;
				GCC_NO_COMMON_BLOCKS = YES;
				GCC_WARN_64_TO_32_BIT_CONVERSION = YES;
				GCC_WARN_ABOUT_RETURN_TYPE = YES_ERROR;
				GCC_WARN_UNDECLARED_SELECTOR = YES;
				GCC_WARN_UNINITIALIZED_AUTOS = YES_AGGRESSIVE;
				GCC_WARN_UNUSED_FUNCTION = YES;
				GCC_WARN_UNUSED_VARIABLE = YES;
				MTL_ENABLE_DEBUG_INFO = NO;
				MTL_FAST_MATH = YES;
				SWIFT_COMPILATION_MODE = wholemodule;
				SWIFT_OPTIMIZATION_LEVEL = "-O";
			};
			name = Release;
		};
		1F5F4A6828093FAF00AF3442 /* Debug */ = {
			isa = XCBuildConfiguration;
			buildSettings = {
				ALWAYS_EMBED_SWIFT_STANDARD_LIBRARIES = YES;
				ASSETCATALOG_COMPILER_APPICON_NAME = AppIcon;
				ASSETCATALOG_COMPILER_GLOBAL_ACCENT_COLOR_NAME = AccentColor;
				CODE_SIGN_ENTITLEMENTS = "Timers (iOS).entitlements";
				CODE_SIGN_STYLE = Automatic;
				CURRENT_PROJECT_VERSION = 1;
				DEVELOPMENT_TEAM = 9Y4P937TQP;
				ENABLE_PREVIEWS = YES;
				GENERATE_INFOPLIST_FILE = YES;
				INFOPLIST_FILE = "Timers--iOS--Info.plist";
				INFOPLIST_KEY_CFBundleDisplayName = Fused;
				INFOPLIST_KEY_LSApplicationCategoryType = "public.app-category.productivity";
				INFOPLIST_KEY_NSCalendarsUsageDescription = "Allow the App to create Events in the Calendar App";
				INFOPLIST_KEY_UIApplicationSupportsIndirectInputEvents = YES;
				INFOPLIST_KEY_UILaunchScreen_Generation = YES;
				INFOPLIST_KEY_UISupportedInterfaceOrientations = "UIInterfaceOrientationLandscapeLeft UIInterfaceOrientationLandscapeRight UIInterfaceOrientationPortrait";
				INFOPLIST_KEY_UISupportedInterfaceOrientations_iPad = "UIInterfaceOrientationLandscapeLeft UIInterfaceOrientationLandscapeRight UIInterfaceOrientationPortrait UIInterfaceOrientationPortraitUpsideDown";
				IPHONEOS_DEPLOYMENT_TARGET = 16.2;
				LD_RUNPATH_SEARCH_PATHS = (
					"$(inherited)",
					"@executable_path/Frameworks",
				);
				MARKETING_VERSION = 1.0;
				PRODUCT_BUNDLE_IDENTIFIER = Me.Timers;
				PRODUCT_NAME = Timers;
				SDKROOT = iphoneos;
				SWIFT_EMIT_LOC_STRINGS = YES;
				SWIFT_VERSION = 5.0;
				TARGETED_DEVICE_FAMILY = "1,2";
			};
			name = Debug;
		};
		1F5F4A6928093FAF00AF3442 /* Release */ = {
			isa = XCBuildConfiguration;
			buildSettings = {
				ALWAYS_EMBED_SWIFT_STANDARD_LIBRARIES = YES;
				ASSETCATALOG_COMPILER_APPICON_NAME = AppIcon;
				ASSETCATALOG_COMPILER_GLOBAL_ACCENT_COLOR_NAME = AccentColor;
				CODE_SIGN_ENTITLEMENTS = "Timers (iOS).entitlements";
				CODE_SIGN_STYLE = Automatic;
				CURRENT_PROJECT_VERSION = 1;
				DEVELOPMENT_TEAM = 9Y4P937TQP;
				ENABLE_PREVIEWS = YES;
				GENERATE_INFOPLIST_FILE = YES;
				INFOPLIST_FILE = "Timers--iOS--Info.plist";
				INFOPLIST_KEY_CFBundleDisplayName = Fused;
				INFOPLIST_KEY_LSApplicationCategoryType = "public.app-category.productivity";
				INFOPLIST_KEY_NSCalendarsUsageDescription = "Allow the App to create Events in the Calendar App";
				INFOPLIST_KEY_UIApplicationSupportsIndirectInputEvents = YES;
				INFOPLIST_KEY_UILaunchScreen_Generation = YES;
				INFOPLIST_KEY_UISupportedInterfaceOrientations = "UIInterfaceOrientationLandscapeLeft UIInterfaceOrientationLandscapeRight UIInterfaceOrientationPortrait";
				INFOPLIST_KEY_UISupportedInterfaceOrientations_iPad = "UIInterfaceOrientationLandscapeLeft UIInterfaceOrientationLandscapeRight UIInterfaceOrientationPortrait UIInterfaceOrientationPortraitUpsideDown";
				IPHONEOS_DEPLOYMENT_TARGET = 16.2;
				LD_RUNPATH_SEARCH_PATHS = (
					"$(inherited)",
					"@executable_path/Frameworks",
				);
				MARKETING_VERSION = 1.0;
				PRODUCT_BUNDLE_IDENTIFIER = Me.Timers;
				PRODUCT_NAME = Timers;
				SDKROOT = iphoneos;
				SWIFT_EMIT_LOC_STRINGS = YES;
				SWIFT_VERSION = 5.0;
				TARGETED_DEVICE_FAMILY = "1,2";
				VALIDATE_PRODUCT = YES;
			};
			name = Release;
		};
		1FA8347B2850A57C003F4D61 /* Debug */ = {
			isa = XCBuildConfiguration;
			buildSettings = {
				ASSETCATALOG_COMPILER_GLOBAL_ACCENT_COLOR_NAME = AccentColor;
				ASSETCATALOG_COMPILER_WIDGET_BACKGROUND_COLOR_NAME = WidgetBackground;
				CODE_SIGN_ENTITLEMENTS = WidgetsExtension.entitlements;
				CODE_SIGN_STYLE = Automatic;
				CURRENT_PROJECT_VERSION = 1;
				DEVELOPMENT_TEAM = 9Y4P937TQP;
				GENERATE_INFOPLIST_FILE = YES;
				INFOPLIST_FILE = Widgets/Info.plist;
				INFOPLIST_KEY_CFBundleDisplayName = Widgets;
				INFOPLIST_KEY_NSHumanReadableCopyright = "";
				IPHONEOS_DEPLOYMENT_TARGET = 16.0;
				LD_RUNPATH_SEARCH_PATHS = (
					"$(inherited)",
					"@executable_path/Frameworks",
					"@executable_path/../../Frameworks",
				);
				MARKETING_VERSION = 1.0;
				PRODUCT_BUNDLE_IDENTIFIER = Me.Timers.Widgets;
				PRODUCT_NAME = "$(TARGET_NAME)";
				SDKROOT = iphoneos;
				SKIP_INSTALL = YES;
				SWIFT_EMIT_LOC_STRINGS = YES;
				SWIFT_VERSION = 5.0;
				TARGETED_DEVICE_FAMILY = "1,2";
			};
			name = Debug;
		};
		1FA8347C2850A57C003F4D61 /* Release */ = {
			isa = XCBuildConfiguration;
			buildSettings = {
				ASSETCATALOG_COMPILER_GLOBAL_ACCENT_COLOR_NAME = AccentColor;
				ASSETCATALOG_COMPILER_WIDGET_BACKGROUND_COLOR_NAME = WidgetBackground;
				CODE_SIGN_ENTITLEMENTS = WidgetsExtension.entitlements;
				CODE_SIGN_STYLE = Automatic;
				CURRENT_PROJECT_VERSION = 1;
				DEVELOPMENT_TEAM = 9Y4P937TQP;
				GENERATE_INFOPLIST_FILE = YES;
				INFOPLIST_FILE = Widgets/Info.plist;
				INFOPLIST_KEY_CFBundleDisplayName = Widgets;
				INFOPLIST_KEY_NSHumanReadableCopyright = "";
				IPHONEOS_DEPLOYMENT_TARGET = 16.0;
				LD_RUNPATH_SEARCH_PATHS = (
					"$(inherited)",
					"@executable_path/Frameworks",
					"@executable_path/../../Frameworks",
				);
				MARKETING_VERSION = 1.0;
				PRODUCT_BUNDLE_IDENTIFIER = Me.Timers.Widgets;
				PRODUCT_NAME = "$(TARGET_NAME)";
				SDKROOT = iphoneos;
				SKIP_INSTALL = YES;
				SWIFT_EMIT_LOC_STRINGS = YES;
				SWIFT_VERSION = 5.0;
				TARGETED_DEVICE_FAMILY = "1,2";
				VALIDATE_PRODUCT = YES;
			};
			name = Release;
		};
/* End XCBuildConfiguration section */

/* Begin XCConfigurationList section */
		1F5F4A4628093FAC00AF3442 /* Build configuration list for PBXProject "Timers" */ = {
			isa = XCConfigurationList;
			buildConfigurations = (
				1F5F4A6528093FAF00AF3442 /* Debug */,
				1F5F4A6628093FAF00AF3442 /* Release */,
			);
			defaultConfigurationIsVisible = 0;
			defaultConfigurationName = Release;
		};
		1F5F4A6728093FAF00AF3442 /* Build configuration list for PBXNativeTarget "Timers (iOS)" */ = {
			isa = XCConfigurationList;
			buildConfigurations = (
				1F5F4A6828093FAF00AF3442 /* Debug */,
				1F5F4A6928093FAF00AF3442 /* Release */,
			);
			defaultConfigurationIsVisible = 0;
			defaultConfigurationName = Release;
		};
		1FA8347A2850A57C003F4D61 /* Build configuration list for PBXNativeTarget "WidgetsExtension" */ = {
			isa = XCConfigurationList;
			buildConfigurations = (
				1FA8347B2850A57C003F4D61 /* Debug */,
				1FA8347C2850A57C003F4D61 /* Release */,
			);
			defaultConfigurationIsVisible = 0;
			defaultConfigurationName = Release;
		};
/* End XCConfigurationList section */

/* Begin XCRemoteSwiftPackageReference section */
		1FD15F7E2972F5D100852073 /* XCRemoteSwiftPackageReference "MyPackage" */ = {
			isa = XCRemoteSwiftPackageReference;
			repositoryURL = "https://github.com/Cristian2016/MyPackage.git";
			requirement = {
				branch = main;
				kind = branch;
			};
		};
/* End XCRemoteSwiftPackageReference section */

/* Begin XCSwiftPackageProductDependency section */
		1FAF39DA29857688002D833C /* MyPackage */ = {
			isa = XCSwiftPackageProductDependency;
			package = 1FD15F7E2972F5D100852073 /* XCRemoteSwiftPackageReference "MyPackage" */;
			productName = MyPackage;
		};
		1FD15F7F2972F5D100852073 /* MyPackage */ = {
			isa = XCSwiftPackageProductDependency;
			package = 1FD15F7E2972F5D100852073 /* XCRemoteSwiftPackageReference "MyPackage" */;
			productName = MyPackage;
		};
/* End XCSwiftPackageProductDependency section */

/* Begin XCVersionGroup section */
		1F5F4A6D28093FF800AF3442 /* Model.xcdatamodeld */ = {
			isa = XCVersionGroup;
			children = (
				1F5F4A6E28093FF800AF3442 /* Model.xcdatamodel */,
			);
			currentVersion = 1F5F4A6E28093FF800AF3442 /* Model.xcdatamodel */;
			path = Model.xcdatamodeld;
			sourceTree = "<group>";
			versionGroupType = wrapper.xcdatamodel;
		};
/* End XCVersionGroup section */
	};
	rootObject = 1F5F4A4328093FAC00AF3442 /* Project object */;
}
